
Microsoft Visual Studio Solution File, Format Version 12.00
# Visual Studio Version 17
VisualStudioVersion = 17.8.34330.188
MinimumVisualStudioVersion = 10.0.40219.1
Project("{FAE04EC0-301F-11D3-BF4B-00C04F79EFBC}") = "CalculatorPOM", "Selenium-WebDriver-POM\CalculatorPOM.csproj", "{C02D12DC-4974-4E5D-8527-7FD7CA2F9C23}"
EndProject
Project("{FAE04EC0-301F-11D3-BF4B-00C04F79EFBC}") = "Student RegistryApp", "Student RegistryApp\Student RegistryApp.csproj", "{663FC7EA-8C16-4638-A762-570171FF91CC}"
EndProject
Global
	GlobalSection(SolutionConfigurationPlatforms) = preSolution
		Debug|Any CPU = Debug|Any CPU
		Release|Any CPU = Release|Any CPU
	EndGlobalSection
	GlobalSection(ProjectConfigurationPlatforms) = postSolution
		{C02D12DC-4974-4E5D-8527-7FD7CA2F9C23}.Debug|Any CPU.ActiveCfg = Debug|Any CPU
		{C02D12DC-4974-4E5D-8527-7FD7CA2F9C23}.Debug|Any CPU.Build.0 = Debug|Any CPU
		{C02D12DC-4974-4E5D-8527-7FD7CA2F9C23}.Release|Any CPU.ActiveCfg = Release|Any CPU
		{C02D12DC-4974-4E5D-8527-7FD7CA2F9C23}.Release|Any CPU.Build.0 = Release|Any CPU
		{663FC7EA-8C16-4638-A762-570171FF91CC}.Debug|Any CPU.ActiveCfg = Debug|Any CPU
		{663FC7EA-8C16-4638-A762-570171FF91CC}.Debug|Any CPU.Build.0 = Debug|Any CPU
		{663FC7EA-8C16-4638-A762-570171FF91CC}.Release|Any CPU.ActiveCfg = Release|Any CPU
		{663FC7EA-8C16-4638-A762-570171FF91CC}.Release|Any CPU.Build.0 = Release|Any CPU
	EndGlobalSection
	GlobalSection(SolutionProperties) = preSolution
		HideSolutionNode = FALSE
	EndGlobalSection
	GlobalSection(ExtensibilityGlobals) = postSolution
		SolutionGuid = {1262C996-4314-474E-9660-D0B19891C623}
	EndGlobalSection
EndGlobal
